<Solution>
  <Project Path="CompoundAssignment001/CompoundAssignment001.csproj" />
  <Project Path="ExtensionMember001/ExtensionMember001.csproj" />
  <Project Path="ExtensionMember002/ExtensionMember002.csproj" Id="573b184a-3aaf-46b2-bf01-d42519cdae54" />
  <Project Path="Field_Block_Property001/Field_Block_Property001.csproj" />
  <Project Path="LambdaModifiers001/LambdaModifiers001.csproj" />
  <Project Path="Null_Conditional001/Null_Conditional001.csproj" />
  <Project Path="Partial001/Partial001.csproj" />
  <Project Path="PartialWithSG001/PartialWithSG001.csproj" />
  <Project Path="SG001/SG001.csproj" />
  <Project Path="SpanConversions001/SpanConversions001.csproj" />
  <Project Path="UnboundNameOf001/UnboundNameOf001.csproj" />
</Solution>
